
Microsoft Visual Studio Solution File, Format Version 12.00
# Visual Studio Version 16
VisualStudioVersion = 16.0.32106.194
MinimumVisualStudioVersion = 10.0.40219.1
Project("{FAE04EC0-301F-11D3-BF4B-00C04F79EFBC}") = "Hello World", "Hello World\Hello World.csproj", "{D0134900-1314-4229-AEA4-A1B03A063B67}"
EndProject
Global
	GlobalSection(SolutionConfigurationPlatforms) = preSolution
		Debug|Any CPU = Debug|Any CPU
		Release|Any CPU = Release|Any CPU
	EndGlobalSection
	GlobalSection(ProjectConfigurationPlatforms) = postSolution
		{D0134900-1314-4229-AEA4-A1B03A063B67}.Debug|Any CPU.ActiveCfg = Debug|Any CPU
		{D0134900-1314-4229-AEA4-A1B03A063B67}.Debug|Any CPU.Build.0 = Debug|Any CPU
		{D0134900-1314-4229-AEA4-A1B03A063B67}.Release|Any CPU.ActiveCfg = Release|Any CPU
		{D0134900-1314-4229-AEA4-A1B03A063B67}.Release|Any CPU.Build.0 = Release|Any CPU
	EndGlobalSection
	GlobalSection(SolutionProperties) = preSolution
		HideSolutionNode = FALSE
	EndGlobalSection
	GlobalSection(ExtensibilityGlobals) = postSolution
		SolutionGuid = {39E4703C-5DA6-4F27-8454-78280FC2038C}
	EndGlobalSection
EndGlobal
